
Microsoft Visual Studio Solution File, Format Version 12.00
# Visual Studio Version 17
VisualStudioVersion = 17.0.31903.59
MinimumVisualStudioVersion = 10.0.40219.1
Project("{FAE04EC0-301F-11D3-BF4B-00C04F79EFBC}") = "OutPlan", "OutPlan\OutPlan.csproj", "{920FE816-6161-4DF6-BF1F-C4B33C75233B}"
EndProject
Global
	GlobalSection(SolutionConfigurationPlatforms) = preSolution
		Debug|Any CPU = Debug|Any CPU
		Release|Any CPU = Release|Any CPU
	EndGlobalSection
	GlobalSection(SolutionProperties) = preSolution
		HideSolutionNode = FALSE
	EndGlobalSection
	GlobalSection(ProjectConfigurationPlatforms) = postSolution
		{920FE816-6161-4DF6-BF1F-C4B33C75233B}.Debug|Any CPU.ActiveCfg = Debug|Any CPU
		{920FE816-6161-4DF6-BF1F-C4B33C75233B}.Debug|Any CPU.Build.0 = Debug|Any CPU
		{920FE816-6161-4DF6-BF1F-C4B33C75233B}.Release|Any CPU.ActiveCfg = Release|Any CPU
		{920FE816-6161-4DF6-BF1F-C4B33C75233B}.Release|Any CPU.Build.0 = Release|Any CPU
	EndGlobalSection
EndGlobal
